// !$*UTF8*$!
{
	archiveVersion = 1;
	classes = {
	};
	objectVersion = 48;
	objects = {

/* Begin PBXBuildFile section */
		857114211F8EE35C00F92DC3 /* GoogleService-Info.plist in Resources */ = {isa = PBXBuildFile; fileRef = 857114201F8EE2DD00F92DC3 /* GoogleService-Info.plist */; };
		8580E4171F9EBE9A0021BA2F /* FeedVC.swift in Sources */ = {isa = PBXBuildFile; fileRef = 8580E4161F9EBE9A0021BA2F /* FeedVC.swift */; };
		858A1B1C1F8EDA3A00C577D2 /* AppDelegate.swift in Sources */ = {isa = PBXBuildFile; fileRef = 858A1B1B1F8EDA3A00C577D2 /* AppDelegate.swift */; };
		858A1B1E1F8EDA3A00C577D2 /* SignInVC.swift in Sources */ = {isa = PBXBuildFile; fileRef = 858A1B1D1F8EDA3A00C577D2 /* SignInVC.swift */; };
		858A1B211F8EDA3A00C577D2 /* Main.storyboard in Resources */ = {isa = PBXBuildFile; fileRef = 858A1B1F1F8EDA3A00C577D2 /* Main.storyboard */; };
		858A1B231F8EDA3A00C577D2 /* Assets.xcassets in Resources */ = {isa = PBXBuildFile; fileRef = 858A1B221F8EDA3A00C577D2 /* Assets.xcassets */; };
		858A1B261F8EDA3A00C577D2 /* LaunchScreen.storyboard in Resources */ = {isa = PBXBuildFile; fileRef = 858A1B241F8EDA3A00C577D2 /* LaunchScreen.storyboard */; };
		858FCDE51F956C0800D26E70 /* FancyView.swift in Sources */ = {isa = PBXBuildFile; fileRef = 858FCDE41F956C0800D26E70 /* FancyView.swift */; };
		858FCDE81F956D0000D26E70 /* Constants.swift in Sources */ = {isa = PBXBuildFile; fileRef = 858FCDE71F956D0000D26E70 /* Constants.swift */; };
		858FCDEB1F95B2B600D26E70 /* RoundButton.swift in Sources */ = {isa = PBXBuildFile; fileRef = 858FCDEA1F95B2B600D26E70 /* RoundButton.swift */; };
		858FCDED1F95B53A00D26E70 /* FancyField.swift in Sources */ = {isa = PBXBuildFile; fileRef = 858FCDEC1F95B53A00D26E70 /* FancyField.swift */; };
		858FCDEF1F95B69100D26E70 /* FancyButton.swift in Sources */ = {isa = PBXBuildFile; fileRef = 858FCDEE1F95B69100D26E70 /* FancyButton.swift */; };
		F7A08742267D70D05B7143FC /* Pods_socialmedia.framework in Frameworks */ = {isa = PBXBuildFile; fileRef = B242D37B87FE2078366DD2A3 /* Pods_socialmedia.framework */; };
/* End PBXBuildFile section */

/* Begin PBXFileReference section */
		22E9BA3A0C9C21E454AF1AC2 /* Pods-socialmedia.debug.xcconfig */ = {isa = PBXFileReference; includeInIndex = 1; lastKnownFileType = text.xcconfig; name = "Pods-socialmedia.debug.xcconfig"; path = "Pods/Target Support Files/Pods-socialmedia/Pods-socialmedia.debug.xcconfig"; sourceTree = "<group>"; };
		857114201F8EE2DD00F92DC3 /* GoogleService-Info.plist */ = {isa = PBXFileReference; lastKnownFileType = text.plist.xml; name = "GoogleService-Info.plist"; path = "../../GoogleService-Info.plist"; sourceTree = "<group>"; };
		8580E4161F9EBE9A0021BA2F /* FeedVC.swift */ = {isa = PBXFileReference; lastKnownFileType = sourcecode.swift; path = FeedVC.swift; sourceTree = "<group>"; };
		858A1B181F8EDA3A00C577D2 /* socialmedia.app */ = {isa = PBXFileReference; explicitFileType = wrapper.application; includeInIndex = 0; path = socialmedia.app; sourceTree = BUILT_PRODUCTS_DIR; };
		858A1B1B1F8EDA3A00C577D2 /* AppDelegate.swift */ = {isa = PBXFileReference; lastKnownFileType = sourcecode.swift; path = AppDelegate.swift; sourceTree = "<group>"; };
		858A1B1D1F8EDA3A00C577D2 /* SignInVC.swift */ = {isa = PBXFileReference; lastKnownFileType = sourcecode.swift; path = SignInVC.swift; sourceTree = "<group>"; };
		858A1B201F8EDA3A00C577D2 /* Base */ = {isa = PBXFileReference; lastKnownFileType = file.storyboard; name = Base; path = Base.lproj/Main.storyboard; sourceTree = "<group>"; };
		858A1B221F8EDA3A00C577D2 /* Assets.xcassets */ = {isa = PBXFileReference; lastKnownFileType = folder.assetcatalog; path = Assets.xcassets; sourceTree = "<group>"; };
		858A1B251F8EDA3A00C577D2 /* Base */ = {isa = PBXFileReference; lastKnownFileType = file.storyboard; name = Base; path = Base.lproj/LaunchScreen.storyboard; sourceTree = "<group>"; };
		858A1B271F8EDA3A00C577D2 /* Info.plist */ = {isa = PBXFileReference; lastKnownFileType = text.plist.xml; path = Info.plist; sourceTree = "<group>"; };
		858FCDE41F956C0800D26E70 /* FancyView.swift */ = {isa = PBXFileReference; lastKnownFileType = sourcecode.swift; path = FancyView.swift; sourceTree = "<group>"; };
		858FCDE71F956D0000D26E70 /* Constants.swift */ = {isa = PBXFileReference; lastKnownFileType = sourcecode.swift; path = Constants.swift; sourceTree = "<group>"; };
		858FCDEA1F95B2B600D26E70 /* RoundButton.swift */ = {isa = PBXFileReference; lastKnownFileType = sourcecode.swift; path = RoundButton.swift; sourceTree = "<group>"; };
		858FCDEC1F95B53A00D26E70 /* FancyField.swift */ = {isa = PBXFileReference; lastKnownFileType = sourcecode.swift; path = FancyField.swift; sourceTree = "<group>"; };
		858FCDEE1F95B69100D26E70 /* FancyButton.swift */ = {isa = PBXFileReference; lastKnownFileType = sourcecode.swift; path = FancyButton.swift; sourceTree = "<group>"; };
		858FCDF01F96B54100D26E70 /* FBSDKLoginKit.framework */ = {isa = PBXFileReference; lastKnownFileType = wrapper.framework; path = FBSDKLoginKit.framework; sourceTree = "<group>"; };
		858FCDF11F96B54200D26E70 /* FBSDKCoreKit.framework */ = {isa = PBXFileReference; lastKnownFileType = wrapper.framework; path = FBSDKCoreKit.framework; sourceTree = "<group>"; };
		B242D37B87FE2078366DD2A3 /* Pods_socialmedia.framework */ = {isa = PBXFileReference; explicitFileType = wrapper.framework; includeInIndex = 0; path = Pods_socialmedia.framework; sourceTree = BUILT_PRODUCTS_DIR; };
		B5B527329556996851E8ED0E /* Pods-socialmedia.release.xcconfig */ = {isa = PBXFileReference; includeInIndex = 1; lastKnownFileType = text.xcconfig; name = "Pods-socialmedia.release.xcconfig"; path = "Pods/Target Support Files/Pods-socialmedia/Pods-socialmedia.release.xcconfig"; sourceTree = "<group>"; };
/* End PBXFileReference section */

/* Begin PBXFrameworksBuildPhase section */
		858A1B151F8EDA3A00C577D2 /* Frameworks */ = {
			isa = PBXFrameworksBuildPhase;
			buildActionMask = 2147483647;
			files = (
				F7A08742267D70D05B7143FC /* Pods_socialmedia.framework in Frameworks */,
			);
			runOnlyForDeploymentPostprocessing = 0;
		};
/* End PBXFrameworksBuildPhase section */

/* Begin PBXGroup section */
		16D933089653E1B9CCEEEFA6 /* Pods */ = {
			isa = PBXGroup;
			children = (
				22E9BA3A0C9C21E454AF1AC2 /* Pods-socialmedia.debug.xcconfig */,
				B5B527329556996851E8ED0E /* Pods-socialmedia.release.xcconfig */,
			);
			name = Pods;
			sourceTree = "<group>";
		};
		8571141D1F8EDEC800F92DC3 /* Controller */ = {
			isa = PBXGroup;
			children = (
				858A1B1D1F8EDA3A00C577D2 /* SignInVC.swift */,
				8580E4161F9EBE9A0021BA2F /* FeedVC.swift */,
			);
			path = Controller;
			sourceTree = "<group>";
		};
		8571141E1F8EDECF00F92DC3 /* View */ = {
			isa = PBXGroup;
			children = (
				858FCDE41F956C0800D26E70 /* FancyView.swift */,
				858FCDEA1F95B2B600D26E70 /* RoundButton.swift */,
				858FCDEC1F95B53A00D26E70 /* FancyField.swift */,
				858FCDEE1F95B69100D26E70 /* FancyButton.swift */,
			);
			path = View;
			sourceTree = "<group>";
		};
		8571141F1F8EDED400F92DC3 /* Model */ = {
			isa = PBXGroup;
			children = (
			);
			path = Model;
			sourceTree = "<group>";
		};
		858A1B0F1F8EDA3900C577D2 = {
			isa = PBXGroup;
			children = (
				858A1B1A1F8EDA3A00C577D2 /* socialmedia */,
				858A1B191F8EDA3A00C577D2 /* Products */,
				16D933089653E1B9CCEEEFA6 /* Pods */,
				F523D3A2380E7CE0A0480920 /* Frameworks */,
			);
			sourceTree = "<group>";
		};
		858A1B191F8EDA3A00C577D2 /* Products */ = {
			isa = PBXGroup;
			children = (
				858A1B181F8EDA3A00C577D2 /* socialmedia.app */,
			);
			name = Products;
			sourceTree = "<group>";
		};
		858A1B1A1F8EDA3A00C577D2 /* socialmedia */ = {
			isa = PBXGroup;
			children = (
				858FCDE61F956CD700D26E70 /* Util */,
				8571141F1F8EDED400F92DC3 /* Model */,
				8571141E1F8EDECF00F92DC3 /* View */,
				8571141D1F8EDEC800F92DC3 /* Controller */,
				858A1B1B1F8EDA3A00C577D2 /* AppDelegate.swift */,
				858A1B1F1F8EDA3A00C577D2 /* Main.storyboard */,
				858A1B221F8EDA3A00C577D2 /* Assets.xcassets */,
				858A1B241F8EDA3A00C577D2 /* LaunchScreen.storyboard */,
				858A1B271F8EDA3A00C577D2 /* Info.plist */,
				857114201F8EE2DD00F92DC3 /* GoogleService-Info.plist */,
			);
			path = socialmedia;
			sourceTree = "<group>";
		};
		858FCDE61F956CD700D26E70 /* Util */ = {
			isa = PBXGroup;
			children = (
				858FCDE71F956D0000D26E70 /* Constants.swift */,
			);
			path = Util;
			sourceTree = "<group>";
		};
		F523D3A2380E7CE0A0480920 /* Frameworks */ = {
			isa = PBXGroup;
			children = (
				858FCDF11F96B54200D26E70 /* FBSDKCoreKit.framework */,
				858FCDF01F96B54100D26E70 /* FBSDKLoginKit.framework */,
				B242D37B87FE2078366DD2A3 /* Pods_socialmedia.framework */,
			);
			name = Frameworks;
			sourceTree = "<group>";
		};
/* End PBXGroup section */

/* Begin PBXNativeTarget section */
		858A1B171F8EDA3A00C577D2 /* socialmedia */ = {
			isa = PBXNativeTarget;
			buildConfigurationList = 858A1B2A1F8EDA3A00C577D2 /* Build configuration list for PBXNativeTarget "socialmedia" */;
			buildPhases = (
				946D5B2E4F2CA4403ECE50CD /* [CP] Check Pods Manifest.lock */,
				858A1B141F8EDA3A00C577D2 /* Sources */,
				858A1B151F8EDA3A00C577D2 /* Frameworks */,
				858A1B161F8EDA3A00C577D2 /* Resources */,
				D3832698DC67BBB61CA237DD /* [CP] Embed Pods Frameworks */,
				E190C52A416EDC25A9B535E5 /* [CP] Copy Pods Resources */,
			);
			buildRules = (
			);
			dependencies = (
			);
			name = socialmedia;
			productName = socialmedia;
			productReference = 858A1B181F8EDA3A00C577D2 /* socialmedia.app */;
			productType = "com.apple.product-type.application";
		};
/* End PBXNativeTarget section */

/* Begin PBXProject section */
		858A1B101F8EDA3900C577D2 /* Project object */ = {
			isa = PBXProject;
			attributes = {
				LastSwiftUpdateCheck = 0900;
				LastUpgradeCheck = 0900;
				ORGANIZATIONNAME = "Royce Reynolds";
				TargetAttributes = {
					858A1B171F8EDA3A00C577D2 = {
						CreatedOnToolsVersion = 9.0;
						ProvisioningStyle = Automatic;
					};
				};
			};
			buildConfigurationList = 858A1B131F8EDA3900C577D2 /* Build configuration list for PBXProject "socialmedia" */;
			compatibilityVersion = "Xcode 8.0";
			developmentRegion = en;
			hasScannedForEncodings = 0;
			knownRegions = (
				en,
				Base,
			);
			mainGroup = 858A1B0F1F8EDA3900C577D2;
			productRefGroup = 858A1B191F8EDA3A00C577D2 /* Products */;
			projectDirPath = "";
			projectRoot = "";
			targets = (
				858A1B171F8EDA3A00C577D2 /* socialmedia */,
			);
		};
/* End PBXProject section */

/* Begin PBXResourcesBuildPhase section */
		858A1B161F8EDA3A00C577D2 /* Resources */ = {
			isa = PBXResourcesBuildPhase;
			buildActionMask = 2147483647;
			files = (
				858A1B261F8EDA3A00C577D2 /* LaunchScreen.storyboard in Resources */,
				857114211F8EE35C00F92DC3 /* GoogleService-Info.plist in Resources */,
				858A1B231F8EDA3A00C577D2 /* Assets.xcassets in Resources */,
				858A1B211F8EDA3A00C577D2 /* Main.storyboard in Resources */,
			);
			runOnlyForDeploymentPostprocessing = 0;
		};
/* End PBXResourcesBuildPhase section */

/* Begin PBXShellScriptBuildPhase section */
		946D5B2E4F2CA4403ECE50CD /* [CP] Check Pods Manifest.lock */ = {
			isa = PBXShellScriptBuildPhase;
			buildActionMask = 2147483647;
			files = (
			);
			inputPaths = (
			);
			name = "[CP] Check Pods Manifest.lock";
			outputPaths = (
			);
			runOnlyForDeploymentPostprocessing = 0;
			shellPath = /bin/sh;
			shellScript = "diff \"${PODS_ROOT}/../Podfile.lock\" \"${PODS_ROOT}/Manifest.lock\" > /dev/null\nif [ $? != 0 ] ; then\n    # print error to STDERR\n    echo \"error: The sandbox is not in sync with the Podfile.lock. Run 'pod install' or update your CocoaPods installation.\" >&2\n    exit 1\nfi\n";
			showEnvVarsInLog = 0;
		};
		D3832698DC67BBB61CA237DD /* [CP] Embed Pods Frameworks */ = {
			isa = PBXShellScriptBuildPhase;
			buildActionMask = 2147483647;
			files = (
			);
			inputPaths = (
			);
			name = "[CP] Embed Pods Frameworks";
			outputPaths = (
			);
			runOnlyForDeploymentPostprocessing = 0;
			shellPath = /bin/sh;
			shellScript = "\"${SRCROOT}/Pods/Target Support Files/Pods-socialmedia/Pods-socialmedia-frameworks.sh\"\n";
			showEnvVarsInLog = 0;
		};
		E190C52A416EDC25A9B535E5 /* [CP] Copy Pods Resources */ = {
			isa = PBXShellScriptBuildPhase;
			buildActionMask = 2147483647;
			files = (
			);
			inputPaths = (
			);
			name = "[CP] Copy Pods Resources";
			outputPaths = (
			);
			runOnlyForDeploymentPostprocessing = 0;
			shellPath = /bin/sh;
			shellScript = "\"${SRCROOT}/Pods/Target Support Files/Pods-socialmedia/Pods-socialmedia-resources.sh\"\n";
			showEnvVarsInLog = 0;
		};
/* End PBXShellScriptBuildPhase section */

/* Begin PBXSourcesBuildPhase section */
		858A1B141F8EDA3A00C577D2 /* Sources */ = {
			isa = PBXSourcesBuildPhase;
			buildActionMask = 2147483647;
			files = (
				858FCDED1F95B53A00D26E70 /* FancyField.swift in Sources */,
				858A1B1E1F8EDA3A00C577D2 /* SignInVC.swift in Sources */,
				858FCDEB1F95B2B600D26E70 /* RoundButton.swift in Sources */,
				858FCDEF1F95B69100D26E70 /* FancyButton.swift in Sources */,
				8580E4171F9EBE9A0021BA2F /* FeedVC.swift in Sources */,
				858A1B1C1F8EDA3A00C577D2 /* AppDelegate.swift in Sources */,
				858FCDE51F956C0800D26E70 /* FancyView.swift in Sources */,
				858FCDE81F956D0000D26E70 /* Constants.swift in Sources */,
			);
			runOnlyForDeploymentPostprocessing = 0;
		};
/* End PBXSourcesBuildPhase section */

/* Begin PBXVariantGroup section */
		858A1B1F1F8EDA3A00C577D2 /* Main.storyboard */ = {
			isa = PBXVariantGroup;
			children = (
				858A1B201F8EDA3A00C577D2 /* Base */,
			);
			name = Main.storyboard;
			sourceTree = "<group>";
		};
		858A1B241F8EDA3A00C577D2 /* LaunchScreen.storyboard */ = {
			isa = PBXVariantGroup;
			children = (
				858A1B251F8EDA3A00C577D2 /* Base */,
			);
			name = LaunchScreen.storyboard;
			sourceTree = "<group>";
		};
/* End PBXVariantGroup section */

/* Begin XCBuildConfiguration section */
		858A1B281F8EDA3A00C577D2 /* Debug */ = {
			isa = XCBuildConfiguration;
			buildSettings = {
				ALWAYS_SEARCH_USER_PATHS = NO;
				CLANG_ANALYZER_NONNULL = YES;
				CLANG_ANALYZER_NUMBER_OBJECT_CONVERSION = YES_AGGRESSIVE;
				CLANG_CXX_LANGUAGE_STANDARD = "gnu++14";
				CLANG_CXX_LIBRARY = "libc++";
				CLANG_ENABLE_MODULES = YES;
				CLANG_ENABLE_OBJC_ARC = YES;
				CLANG_WARN_BLOCK_CAPTURE_AUTORELEASING = YES;
				CLANG_WARN_BOOL_CONVERSION = YES;
				CLANG_WARN_COMMA = YES;
				CLANG_WARN_CONSTANT_CONVERSION = YES;
				CLANG_WARN_DIRECT_OBJC_ISA_USAGE = YES_ERROR;
				CLANG_WARN_DOCUMENTATION_COMMENTS = YES;
				CLANG_WARN_EMPTY_BODY = YES;
				CLANG_WARN_ENUM_CONVERSION = YES;
				CLANG_WARN_INFINITE_RECURSION = YES;
				CLANG_WARN_INT_CONVERSION = YES;
				CLANG_WARN_NON_LITERAL_NULL_CONVERSION = YES;
				CLANG_WARN_OBJC_LITERAL_CONVERSION = YES;
				CLANG_WARN_OBJC_ROOT_CLASS = YES_ERROR;
				CLANG_WARN_RANGE_LOOP_ANALYSIS = YES;
				CLANG_WARN_STRICT_PROTOTYPES = YES;
				CLANG_WARN_SUSPICIOUS_MOVE = YES;
				CLANG_WARN_UNGUARDED_AVAILABILITY = YES_AGGRESSIVE;
				CLANG_WARN_UNREACHABLE_CODE = YES;
				CLANG_WARN__DUPLICATE_METHOD_MATCH = YES;
				CODE_SIGN_IDENTITY = "iPhone Developer";
				COPY_PHASE_STRIP = NO;
				DEBUG_INFORMATION_FORMAT = dwarf;
				ENABLE_STRICT_OBJC_MSGSEND = YES;
				ENABLE_TESTABILITY = YES;
				GCC_C_LANGUAGE_STANDARD = gnu11;
				GCC_DYNAMIC_NO_PIC = NO;
				GCC_NO_COMMON_BLOCKS = YES;
				GCC_OPTIMIZATION_LEVEL = 0;
				GCC_PREPROCESSOR_DEFINITIONS = (
					"DEBUG=1",
					"$(inherited)",
				);
				GCC_WARN_64_TO_32_BIT_CONVERSION = YES;
				GCC_WARN_ABOUT_RETURN_TYPE = YES_ERROR;
				GCC_WARN_UNDECLARED_SELECTOR = YES;
				GCC_WARN_UNINITIALIZED_AUTOS = YES_AGGRESSIVE;
				GCC_WARN_UNUSED_FUNCTION = YES;
				GCC_WARN_UNUSED_VARIABLE = YES;
				IPHONEOS_DEPLOYMENT_TARGET = 11.0;
				MTL_ENABLE_DEBUG_INFO = YES;
				ONLY_ACTIVE_ARCH = YES;
				SDKROOT = iphoneos;
				SWIFT_ACTIVE_COMPILATION_CONDITIONS = DEBUG;
				SWIFT_OPTIMIZATION_LEVEL = "-Onone";
			};
			name = Debug;
		};
		858A1B291F8EDA3A00C577D2 /* Release */ = {
			isa = XCBuildConfiguration;
			buildSettings = {
				ALWAYS_SEARCH_USER_PATHS = NO;
				CLANG_ANALYZER_NONNULL = YES;
				CLANG_ANALYZER_NUMBER_OBJECT_CONVERSION = YES_AGGRESSIVE;
				CLANG_CXX_LANGUAGE_STANDARD = "gnu++14";
				CLANG_CXX_LIBRARY = "libc++";
				CLANG_ENABLE_MODULES = YES;
				CLANG_ENABLE_OBJC_ARC = YES;
				CLANG_WARN_BLOCK_CAPTURE_AUTORELEASING = YES;
				CLANG_WARN_BOOL_CONVERSION = YES;
				CLANG_WARN_COMMA = YES;
				CLANG_WARN_CONSTANT_CONVERSION = YES;
				CLANG_WARN_DIRECT_OBJC_ISA_USAGE = YES_ERROR;
				CLANG_WARN_DOCUMENTATION_COMMENTS = YES;
				CLANG_WARN_EMPTY_BODY = YES;
				CLANG_WARN_ENUM_CONVERSION = YES;
				CLANG_WARN_INFINITE_RECURSION = YES;
				CLANG_WARN_INT_CONVERSION = YES;
				CLANG_WARN_NON_LITERAL_NULL_CONVERSION = YES;
				CLANG_WARN_OBJC_LITERAL_CONVERSION = YES;
				CLANG_WARN_OBJC_ROOT_CLASS = YES_ERROR;
				CLANG_WARN_RANGE_LOOP_ANALYSIS = YES;
				CLANG_WARN_STRICT_PROTOTYPES = YES;
				CLANG_WARN_SUSPICIOUS_MOVE = YES;
				CLANG_WARN_UNGUARDED_AVAILABILITY = YES_AGGRESSIVE;
				CLANG_WARN_UNREACHABLE_CODE = YES;
				CLANG_WARN__DUPLICATE_METHOD_MATCH = YES;
				CODE_SIGN_IDENTITY = "iPhone Developer";
				COPY_PHASE_STRIP = NO;
				DEBUG_INFORMATION_FORMAT = "dwarf-with-dsym";
				ENABLE_NS_ASSERTIONS = NO;
				ENABLE_STRICT_OBJC_MSGSEND = YES;
				GCC_C_LANGUAGE_STANDARD = gnu11;
				GCC_NO_COMMON_BLOCKS = YES;
				GCC_WARN_64_TO_32_BIT_CONVERSION = YES;
				GCC_WARN_ABOUT_RETURN_TYPE = YES_ERROR;
				GCC_WARN_UNDECLARED_SELECTOR = YES;
				GCC_WARN_UNINITIALIZED_AUTOS = YES_AGGRESSIVE;
				GCC_WARN_UNUSED_FUNCTION = YES;
				GCC_WARN_UNUSED_VARIABLE = YES;
				IPHONEOS_DEPLOYMENT_TARGET = 11.0;
				MTL_ENABLE_DEBUG_INFO = NO;
				SDKROOT = iphoneos;
				SWIFT_OPTIMIZATION_LEVEL = "-Owholemodule";
				VALIDATE_PRODUCT = YES;
			};
			name = Release;
		};
		858A1B2B1F8EDA3A00C577D2 /* Debug */ = {
			isa = XCBuildConfiguration;
			baseConfigurationReference = 22E9BA3A0C9C21E454AF1AC2 /* Pods-socialmedia.debug.xcconfig */;
			buildSettings = {
				ASSETCATALOG_COMPILER_APPICON_NAME = AppIcon;
				CODE_SIGN_STYLE = Automatic;
				DEVELOPMENT_TEAM = PVTJS4KTM9;
				FRAMEWORK_SEARCH_PATHS = (
					"$(inherited)",
					"\"$PODS_CONFIGURATION_BUILD_DIR/GTMSessionFetcher\"",
					"\"$PODS_CONFIGURATION_BUILD_DIR/GoogleToolboxForMac\"",
					"\"$PODS_CONFIGURATION_BUILD_DIR/leveldb-library\"",
					"\"$PODS_CONFIGURATION_BUILD_DIR/nanopb\"",
					"\"${PODS_ROOT}/FirebaseAnalytics/Frameworks\"",
					"\"${PODS_ROOT}/FirebaseAuth/Frameworks\"",
					"\"${PODS_ROOT}/FirebaseCore/Frameworks\"",
					"\"${PODS_ROOT}/FirebaseDatabase/Frameworks\"",
					"\"${PODS_ROOT}/FirebaseInstanceID/Frameworks\"",
					"\"${PODS_ROOT}/FirebaseStorage/Frameworks\"",
					"/Users/$(USER)/Documents/FacebookSDK",
				);
				INFOPLIST_FILE = socialmedia/Info.plist;
				LD_RUNPATH_SEARCH_PATHS = "$(inherited) @executable_path/Frameworks";
				PRODUCT_BUNDLE_IDENTIFIER = com.roycereynolds.socialmedia;
				PRODUCT_NAME = "$(TARGET_NAME)";
				SWIFT_VERSION = 4.0;
				TARGETED_DEVICE_FAMILY = "1,2";
			};
			name = Debug;
		};
		858A1B2C1F8EDA3A00C577D2 /* Release */ = {
			isa = XCBuildConfiguration;
			baseConfigurationReference = B5B527329556996851E8ED0E /* Pods-socialmedia.release.xcconfig */;
			buildSettings = {
				ASSETCATALOG_COMPILER_APPICON_NAME = AppIcon;
				CODE_SIGN_STYLE = Automatic;
				DEVELOPMENT_TEAM = PVTJS4KTM9;
				FRAMEWORK_SEARCH_PATHS = (
					"$(inherited)",
					"\"$PODS_CONFIGURATION_BUILD_DIR/GTMSessionFetcher\"",
					"\"$PODS_CONFIGURATION_BUILD_DIR/GoogleToolboxForMac\"",
					"\"$PODS_CONFIGURATION_BUILD_DIR/leveldb-library\"",
					"\"$PODS_CONFIGURATION_BUILD_DIR/nanopb\"",
					"\"${PODS_ROOT}/FirebaseAnalytics/Frameworks\"",
					"\"${PODS_ROOT}/FirebaseAuth/Frameworks\"",
					"\"${PODS_ROOT}/FirebaseCore/Frameworks\"",
					"\"${PODS_ROOT}/FirebaseDatabase/Frameworks\"",
					"\"${PODS_ROOT}/FirebaseInstanceID/Frameworks\"",
					"\"${PODS_ROOT}/FirebaseStorage/Frameworks\"",
					"/Users/$(USER)/Documents/FacebookSDK",
				);
				INFOPLIST_FILE = socialmedia/Info.plist;
				LD_RUNPATH_SEARCH_PATHS = "$(inherited) @executable_path/Frameworks";
				PRODUCT_BUNDLE_IDENTIFIER = com.roycereynolds.socialmedia;
				PRODUCT_NAME = "$(TARGET_NAME)";
				SWIFT_VERSION = 4.0;
				TARGETED_DEVICE_FAMILY = "1,2";
			};
			name = Release;
		};
/* End XCBuildConfiguration section */

/* Begin XCConfigurationList section */
		858A1B131F8EDA3900C577D2 /* Build configuration list for PBXProject "socialmedia" */ = {
			isa = XCConfigurationList;
			buildConfigurations = (
				858A1B281F8EDA3A00C577D2 /* Debug */,
				858A1B291F8EDA3A00C577D2 /* Release */,
			);
			defaultConfigurationIsVisible = 0;
			defaultConfigurationName = Release;
		};
		858A1B2A1F8EDA3A00C577D2 /* Build configuration list for PBXNativeTarget "socialmedia" */ = {
			isa = XCConfigurationList;
			buildConfigurations = (
				858A1B2B1F8EDA3A00C577D2 /* Debug */,
				858A1B2C1F8EDA3A00C577D2 /* Release */,
			);
			defaultConfigurationIsVisible = 0;
			defaultConfigurationName = Release;
		};
/* End XCConfigurationList section */
	};
	rootObject = 858A1B101F8EDA3900C577D2 /* Project object */;
}
